// !$*UTF8*$!
{
	archiveVersion = 1;
	classes = {
	};
	objectVersion = 46;
	objects = {

/* Begin PBXBuildFile section */
		DA9A32C31F4FCE3500F45AD1 /* main.m in Sources */ = {isa = PBXBuildFile; fileRef = DA9A32C21F4FCE3500F45AD1 /* main.m */; };
		DA9A32CB1F4FCE4A00F45AD1 /* arrayFront9.m in Sources */ = {isa = PBXBuildFile; fileRef = DA9A32CA1F4FCE4A00F45AD1 /* arrayFront9.m */; };
/* End PBXBuildFile section */

/* Begin PBXCopyFilesBuildPhase section */
		DA9A32BD1F4FCE3500F45AD1 /* CopyFiles */ = {
			isa = PBXCopyFilesBuildPhase;
			buildActionMask = 2147483647;
			dstPath = /usr/share/man/man1/;
			dstSubfolderSpec = 0;
			files = (
			);
			runOnlyForDeploymentPostprocessing = 1;
		};
/* End PBXCopyFilesBuildPhase section */

/* Begin PBXFileReference section */
		DA9A32BF1F4FCE3500F45AD1 /* arrayFront9 */ = {isa = PBXFileReference; explicitFileType = "compiled.mach-o.executable"; includeInIndex = 0; path = arrayFront9; sourceTree = BUILT_PRODUCTS_DIR; };
		DA9A32C21F4FCE3500F45AD1 /* main.m */ = {isa = PBXFileReference; lastKnownFileType = sourcecode.c.objc; path = main.m; sourceTree = "<group>"; };
		DA9A32C91F4FCE4A00F45AD1 /* arrayFront9.h */ = {isa = PBXFileReference; fileEncoding = 4; lastKnownFileType = sourcecode.c.h; path = arrayFront9.h; sourceTree = "<group>"; };
		DA9A32CA1F4FCE4A00F45AD1 /* arrayFront9.m */ = {isa = PBXFileReference; fileEncoding = 4; lastKnownFileType = sourcecode.c.objc; path = arrayFront9.m; sourceTree = "<group>"; };
/* End PBXFileReference section */

/* Begin PBXFrameworksBuildPhase section */
		DA9A32BC1F4FCE3500F45AD1 /* Frameworks */ = {
			isa = PBXFrameworksBuildPhase;
			buildActionMask = 2147483647;
			files = (
			);
			runOnlyForDeploymentPostprocessing = 0;
		};
/* End PBXFrameworksBuildPhase section */

/* Begin PBXGroup section */
		DA9A32B61F4FCE3500F45AD1 = {
			isa = PBXGroup;
			children = (
				DA9A32C11F4FCE3500F45AD1 /* arrayFront9 */,
				DA9A32C01F4FCE3500F45AD1 /* Products */,
			);
			sourceTree = "<group>";
		};
		DA9A32C01F4FCE3500F45AD1 /* Products */ = {
			isa = PBXGroup;
			children = (
				DA9A32BF1F4FCE3500F45AD1 /* arrayFront9 */,
			);
			name = Products;
			sourceTree = "<group>";
		};
		DA9A32C11F4FCE3500F45AD1 /* arrayFront9 */ = {
			isa = PBXGroup;
			children = (
				DA9A32C21F4FCE3500F45AD1 /* main.m */,
				DA9A32C91F4FCE4A00F45AD1 /* arrayFront9.h */,
				DA9A32CA1F4FCE4A00F45AD1 /* arrayFront9.m */,
			);
			path = arrayFront9;
			sourceTree = "<group>";
		};
/* End PBXGroup section */

/* Begin PBXNativeTarget section */
		DA9A32BE1F4FCE3500F45AD1 /* arrayFront9 */ = {
			isa = PBXNativeTarget;
			buildConfigurationList = DA9A32C61F4FCE3500F45AD1 /* Build configuration list for PBXNativeTarget "arrayFront9" */;
			buildPhases = (
				DA9A32BB1F4FCE3500F45AD1 /* Sources */,
				DA9A32BC1F4FCE3500F45AD1 /* Frameworks */,
				DA9A32BD1F4FCE3500F45AD1 /* CopyFiles */,
			);
			buildRules = (
			);
			dependencies = (
			);
			name = arrayFront9;
			productName = arrayFront9;
			productReference = DA9A32BF1F4FCE3500F45AD1 /* arrayFront9 */;
			productType = "com.apple.product-type.tool";
		};
/* End PBXNativeTarget section */

/* Begin PBXProject section */
		DA9A32B71F4FCE3500F45AD1 /* Project object */ = {
			isa = PBXProject;
			attributes = {
				LastUpgradeCheck = 0830;
				ORGANIZATIONNAME = Paul;
				TargetAttributes = {
					DA9A32BE1F4FCE3500F45AD1 = {
						CreatedOnToolsVersion = 8.3.3;
						ProvisioningStyle = Automatic;
					};
				};
			};
			buildConfigurationList = DA9A32BA1F4FCE3500F45AD1 /* Build configuration list for PBXProject "arrayFront9" */;
			compatibilityVersion = "Xcode 3.2";
			developmentRegion = English;
			hasScannedForEncodings = 0;
			knownRegions = (
				en,
			);
			mainGroup = DA9A32B61F4FCE3500F45AD1;
			productRefGroup = DA9A32C01F4FCE3500F45AD1 /* Products */;
			projectDirPath = "";
			projectRoot = "";
			targets = (
				DA9A32BE1F4FCE3500F45AD1 /* arrayFront9 */,
			);
		};
/* End PBXProject section */

/* Begin PBXSourcesBuildPhase section */
		DA9A32BB1F4FCE3500F45AD1 /* Sources */ = {
			isa = PBXSourcesBuildPhase;
			buildActionMask = 2147483647;
			files = (
				DA9A32C31F4FCE3500F45AD1 /* main.m in Sources */,
				DA9A32CB1F4FCE4A00F45AD1 /* arrayFront9.m in Sources */,
			);
			runOnlyForDeploymentPostprocessing = 0;
		};
/* End PBXSourcesBuildPhase section */

/* Begin XCBuildConfiguration section */
		DA9A32C41F4FCE3500F45AD1 /* Debug */ = {
			isa = XCBuildConfiguration;
			buildSettings = {
				ALWAYS_SEARCH_USER_PATHS = NO;
				CLANG_ANALYZER_NONNULL = YES;
				CLANG_ANALYZER_NUMBER_OBJECT_CONVERSION = YES_AGGRESSIVE;
				CLANG_CXX_LANGUAGE_STANDARD = "gnu++0x";
				CLANG_CXX_LIBRARY = "libc++";
				CLANG_ENABLE_MODULES = YES;
				CLANG_ENABLE_OBJC_ARC = YES;
				CLANG_WARN_BOOL_CONVERSION = YES;
				CLANG_WARN_CONSTANT_CONVERSION = YES;
				CLANG_WARN_DIRECT_OBJC_ISA_USAGE = YES_ERROR;
				CLANG_WARN_DOCUMENTATION_COMMENTS = YES;
				CLANG_WARN_EMPTY_BODY = YES;
				CLANG_WARN_ENUM_CONVERSION = YES;
				CLANG_WARN_INFINITE_RECURSION = YES;
				CLANG_WARN_INT_CONVERSION = YES;
				CLANG_WARN_OBJC_ROOT_CLASS = YES_ERROR;
				CLANG_WARN_SUSPICIOUS_MOVE = YES;
				CLANG_WARN_UNREACHABLE_CODE = YES;
				CLANG_WARN__DUPLICATE_METHOD_MATCH = YES;
				CODE_SIGN_IDENTITY = "-";
				COPY_PHASE_STRIP = NO;
				DEBUG_INFORMATION_FORMAT = dwarf;
				ENABLE_STRICT_OBJC_MSGSEND = YES;
				ENABLE_TESTABILITY = YES;
				GCC_C_LANGUAGE_STANDARD = gnu99;
				GCC_DYNAMIC_NO_PIC = NO;
				GCC_NO_COMMON_BLOCKS = YES;
				GCC_OPTIMIZATION_LEVEL = 0;
				GCC_PREPROCESSOR_DEFINITIONS = (
					"DEBUG=1",
					"$(inherited)",
				);
				GCC_WARN_64_TO_32_BIT_CONVERSION = YES;
				GCC_WARN_ABOUT_RETURN_TYPE = YES_ERROR;
				GCC_WARN_UNDECLARED_SELECTOR = YES;
				GCC_WARN_UNINITIALIZED_AUTOS = YES_AGGRESSIVE;
				GCC_WARN_UNUSED_FUNCTION = YES;
				GCC_WARN_UNUSED_VARIABLE = YES;
				MACOSX_DEPLOYMENT_TARGET = 10.12;
				MTL_ENABLE_DEBUG_INFO = YES;
				ONLY_ACTIVE_ARCH = YES;
				SDKROOT = macosx;
			};
			name = Debug;
		};
		DA9A32C51F4FCE3500F45AD1 /* Release */ = {
			isa = XCBuildConfiguration;
			buildSettings = {
				ALWAYS_SEARCH_USER_PATHS = NO;
				CLANG_ANALYZER_NONNULL = YES;
				CLANG_ANALYZER_NUMBER_OBJECT_CONVERSION = YES_AGGRESSIVE;
				CLANG_CXX_LANGUAGE_STANDARD = "gnu++0x";
				CLANG_CXX_LIBRARY = "libc++";
				CLANG_ENABLE_MODULES = YES;
				CLANG_ENABLE_OBJC_ARC = YES;
				CLANG_WARN_BOOL_CONVERSION = YES;
				CLANG_WARN_CONSTANT_CONVERSION = YES;
				CLANG_WARN_DIRECT_OBJC_ISA_USAGE = YES_ERROR;
				CLANG_WARN_DOCUMENTATION_COMMENTS = YES;
				CLANG_WARN_EMPTY_BODY = YES;
				CLANG_WARN_ENUM_CONVERSION = YES;
				CLANG_WARN_INFINITE_RECURSION = YES;
				CLANG_WARN_INT_CONVERSION = YES;
				CLANG_WARN_OBJC_ROOT_CLASS = YES_ERROR;
				CLANG_WARN_SUSPICIOUS_MOVE = YES;
				CLANG_WARN_UNREACHABLE_CODE = YES;
				CLANG_WARN__DUPLICATE_METHOD_MATCH = YES;
				CODE_SIGN_IDENTITY = "-";
				COPY_PHASE_STRIP = NO;
				DEBUG_INFORMATION_FORMAT = "dwarf-with-dsym";
				ENABLE_NS_ASSERTIONS = NO;
				ENABLE_STRICT_OBJC_MSGSEND = YES;
				GCC_C_LANGUAGE_STANDARD = gnu99;
				GCC_NO_COMMON_BLOCKS = YES;
				GCC_WARN_64_TO_32_BIT_CONVERSION = YES;
				GCC_WARN_ABOUT_RETURN_TYPE = YES_ERROR;
				GCC_WARN_UNDECLARED_SELECTOR = YES;
				GCC_WARN_UNINITIALIZED_AUTOS = YES_AGGRESSIVE;
				GCC_WARN_UNUSED_FUNCTION = YES;
				GCC_WARN_UNUSED_VARIABLE = YES;
				MACOSX_DEPLOYMENT_TARGET = 10.12;
				MTL_ENABLE_DEBUG_INFO = NO;
				SDKROOT = macosx;
			};
			name = Release;
		};
		DA9A32C71F4FCE3500F45AD1 /* Debug */ = {
			isa = XCBuildConfiguration;
			buildSettings = {
				PRODUCT_NAME = "$(TARGET_NAME)";
			};
			name = Debug;
		};
		DA9A32C81F4FCE3500F45AD1 /* Release */ = {
			isa = XCBuildConfiguration;
			buildSettings = {
				PRODUCT_NAME = "$(TARGET_NAME)";
			};
			name = Release;
		};
/* End XCBuildConfiguration section */

/* Begin XCConfigurationList section */
		DA9A32BA1F4FCE3500F45AD1 /* Build configuration list for PBXProject "arrayFront9" */ = {
			isa = XCConfigurationList;
			buildConfigurations = (
				DA9A32C41F4FCE3500F45AD1 /* Debug */,
				DA9A32C51F4FCE3500F45AD1 /* Release */,
			);
			defaultConfigurationIsVisible = 0;
			defaultConfigurationName = Release;
		};
		DA9A32C61F4FCE3500F45AD1 /* Build configuration list for PBXNativeTarget "arrayFront9" */ = {
			isa = XCConfigurationList;
			buildConfigurations = (
				DA9A32C71F4FCE3500F45AD1 /* Debug */,
				DA9A32C81F4FCE3500F45AD1 /* Release */,
			);
			defaultConfigurationIsVisible = 0;
		};
/* End XCConfigurationList section */
	};
	rootObject = DA9A32B71F4FCE3500F45AD1 /* Project object */;
}
