// !$*UTF8*$!
{
	archiveVersion = 1;
	classes = {
	};
	objectVersion = 46;
	objects = {

/* Begin PBXBuildFile section */
		DA5416A81F548BD700DAD98B /* main.m in Sources */ = {isa = PBXBuildFile; fileRef = DA5416A71F548BD700DAD98B /* main.m */; };
		DA5416B01F548BF300DAD98B /* Car.m in Sources */ = {isa = PBXBuildFile; fileRef = DA5416AF1F548BF300DAD98B /* Car.m */; };
		DA5416B61F548F5600DAD98B /* Toyota.m in Sources */ = {isa = PBXBuildFile; fileRef = DA5416B51F548F5600DAD98B /* Toyota.m */; };
/* End PBXBuildFile section */

/* Begin PBXCopyFilesBuildPhase section */
		DA5416A21F548BD700DAD98B /* CopyFiles */ = {
			isa = PBXCopyFilesBuildPhase;
			buildActionMask = 2147483647;
			dstPath = /usr/share/man/man1/;
			dstSubfolderSpec = 0;
			files = (
			);
			runOnlyForDeploymentPostprocessing = 1;
		};
/* End PBXCopyFilesBuildPhase section */

/* Begin PBXFileReference section */
		DA5416A41F548BD700DAD98B /* Toyotas are cars */ = {isa = PBXFileReference; explicitFileType = "compiled.mach-o.executable"; includeInIndex = 0; path = "Toyotas are cars"; sourceTree = BUILT_PRODUCTS_DIR; };
		DA5416A71F548BD700DAD98B /* main.m */ = {isa = PBXFileReference; lastKnownFileType = sourcecode.c.objc; path = main.m; sourceTree = "<group>"; };
		DA5416AE1F548BF300DAD98B /* Car.h */ = {isa = PBXFileReference; fileEncoding = 4; lastKnownFileType = sourcecode.c.h; path = Car.h; sourceTree = "<group>"; };
		DA5416AF1F548BF300DAD98B /* Car.m */ = {isa = PBXFileReference; fileEncoding = 4; lastKnownFileType = sourcecode.c.objc; path = Car.m; sourceTree = "<group>"; };
		DA5416B41F548F5600DAD98B /* Toyota.h */ = {isa = PBXFileReference; fileEncoding = 4; lastKnownFileType = sourcecode.c.h; path = Toyota.h; sourceTree = "<group>"; };
		DA5416B51F548F5600DAD98B /* Toyota.m */ = {isa = PBXFileReference; fileEncoding = 4; lastKnownFileType = sourcecode.c.objc; path = Toyota.m; sourceTree = "<group>"; };
/* End PBXFileReference section */

/* Begin PBXFrameworksBuildPhase section */
		DA5416A11F548BD700DAD98B /* Frameworks */ = {
			isa = PBXFrameworksBuildPhase;
			buildActionMask = 2147483647;
			files = (
			);
			runOnlyForDeploymentPostprocessing = 0;
		};
/* End PBXFrameworksBuildPhase section */

/* Begin PBXGroup section */
		DA54169B1F548BD700DAD98B = {
			isa = PBXGroup;
			children = (
				DA5416A61F548BD700DAD98B /* Toyotas are cars */,
				DA5416A51F548BD700DAD98B /* Products */,
			);
			sourceTree = "<group>";
		};
		DA5416A51F548BD700DAD98B /* Products */ = {
			isa = PBXGroup;
			children = (
				DA5416A41F548BD700DAD98B /* Toyotas are cars */,
			);
			name = Products;
			sourceTree = "<group>";
		};
		DA5416A61F548BD700DAD98B /* Toyotas are cars */ = {
			isa = PBXGroup;
			children = (
				DA5416A71F548BD700DAD98B /* main.m */,
				DA5416AE1F548BF300DAD98B /* Car.h */,
				DA5416AF1F548BF300DAD98B /* Car.m */,
				DA5416B41F548F5600DAD98B /* Toyota.h */,
				DA5416B51F548F5600DAD98B /* Toyota.m */,
			);
			path = "Toyotas are cars";
			sourceTree = "<group>";
		};
/* End PBXGroup section */

/* Begin PBXNativeTarget section */
		DA5416A31F548BD700DAD98B /* Toyotas are cars */ = {
			isa = PBXNativeTarget;
			buildConfigurationList = DA5416AB1F548BD700DAD98B /* Build configuration list for PBXNativeTarget "Toyotas are cars" */;
			buildPhases = (
				DA5416A01F548BD700DAD98B /* Sources */,
				DA5416A11F548BD700DAD98B /* Frameworks */,
				DA5416A21F548BD700DAD98B /* CopyFiles */,
			);
			buildRules = (
			);
			dependencies = (
			);
			name = "Toyotas are cars";
			productName = "Toyotas are cars";
			productReference = DA5416A41F548BD700DAD98B /* Toyotas are cars */;
			productType = "com.apple.product-type.tool";
		};
/* End PBXNativeTarget section */

/* Begin PBXProject section */
		DA54169C1F548BD700DAD98B /* Project object */ = {
			isa = PBXProject;
			attributes = {
				LastUpgradeCheck = 0830;
				ORGANIZATIONNAME = Paul;
				TargetAttributes = {
					DA5416A31F548BD700DAD98B = {
						CreatedOnToolsVersion = 8.3.3;
						ProvisioningStyle = Automatic;
					};
				};
			};
			buildConfigurationList = DA54169F1F548BD700DAD98B /* Build configuration list for PBXProject "Toyotas are cars" */;
			compatibilityVersion = "Xcode 3.2";
			developmentRegion = English;
			hasScannedForEncodings = 0;
			knownRegions = (
				en,
			);
			mainGroup = DA54169B1F548BD700DAD98B;
			productRefGroup = DA5416A51F548BD700DAD98B /* Products */;
			projectDirPath = "";
			projectRoot = "";
			targets = (
				DA5416A31F548BD700DAD98B /* Toyotas are cars */,
			);
		};
/* End PBXProject section */

/* Begin PBXSourcesBuildPhase section */
		DA5416A01F548BD700DAD98B /* Sources */ = {
			isa = PBXSourcesBuildPhase;
			buildActionMask = 2147483647;
			files = (
				DA5416B61F548F5600DAD98B /* Toyota.m in Sources */,
				DA5416B01F548BF300DAD98B /* Car.m in Sources */,
				DA5416A81F548BD700DAD98B /* main.m in Sources */,
			);
			runOnlyForDeploymentPostprocessing = 0;
		};
/* End PBXSourcesBuildPhase section */

/* Begin XCBuildConfiguration section */
		DA5416A91F548BD700DAD98B /* Debug */ = {
			isa = XCBuildConfiguration;
			buildSettings = {
				ALWAYS_SEARCH_USER_PATHS = NO;
				CLANG_ANALYZER_NONNULL = YES;
				CLANG_ANALYZER_NUMBER_OBJECT_CONVERSION = YES_AGGRESSIVE;
				CLANG_CXX_LANGUAGE_STANDARD = "gnu++0x";
				CLANG_CXX_LIBRARY = "libc++";
				CLANG_ENABLE_MODULES = YES;
				CLANG_ENABLE_OBJC_ARC = YES;
				CLANG_WARN_BOOL_CONVERSION = YES;
				CLANG_WARN_CONSTANT_CONVERSION = YES;
				CLANG_WARN_DIRECT_OBJC_ISA_USAGE = YES_ERROR;
				CLANG_WARN_DOCUMENTATION_COMMENTS = YES;
				CLANG_WARN_EMPTY_BODY = YES;
				CLANG_WARN_ENUM_CONVERSION = YES;
				CLANG_WARN_INFINITE_RECURSION = YES;
				CLANG_WARN_INT_CONVERSION = YES;
				CLANG_WARN_OBJC_ROOT_CLASS = YES_ERROR;
				CLANG_WARN_SUSPICIOUS_MOVE = YES;
				CLANG_WARN_UNREACHABLE_CODE = YES;
				CLANG_WARN__DUPLICATE_METHOD_MATCH = YES;
				CODE_SIGN_IDENTITY = "-";
				COPY_PHASE_STRIP = NO;
				DEBUG_INFORMATION_FORMAT = dwarf;
				ENABLE_STRICT_OBJC_MSGSEND = YES;
				ENABLE_TESTABILITY = YES;
				GCC_C_LANGUAGE_STANDARD = gnu99;
				GCC_DYNAMIC_NO_PIC = NO;
				GCC_NO_COMMON_BLOCKS = YES;
				GCC_OPTIMIZATION_LEVEL = 0;
				GCC_PREPROCESSOR_DEFINITIONS = (
					"DEBUG=1",
					"$(inherited)",
				);
				GCC_WARN_64_TO_32_BIT_CONVERSION = YES;
				GCC_WARN_ABOUT_RETURN_TYPE = YES_ERROR;
				GCC_WARN_UNDECLARED_SELECTOR = YES;
				GCC_WARN_UNINITIALIZED_AUTOS = YES_AGGRESSIVE;
				GCC_WARN_UNUSED_FUNCTION = YES;
				GCC_WARN_UNUSED_VARIABLE = YES;
				MACOSX_DEPLOYMENT_TARGET = 10.12;
				MTL_ENABLE_DEBUG_INFO = YES;
				ONLY_ACTIVE_ARCH = YES;
				SDKROOT = macosx;
			};
			name = Debug;
		};
		DA5416AA1F548BD700DAD98B /* Release */ = {
			isa = XCBuildConfiguration;
			buildSettings = {
				ALWAYS_SEARCH_USER_PATHS = NO;
				CLANG_ANALYZER_NONNULL = YES;
				CLANG_ANALYZER_NUMBER_OBJECT_CONVERSION = YES_AGGRESSIVE;
				CLANG_CXX_LANGUAGE_STANDARD = "gnu++0x";
				CLANG_CXX_LIBRARY = "libc++";
				CLANG_ENABLE_MODULES = YES;
				CLANG_ENABLE_OBJC_ARC = YES;
				CLANG_WARN_BOOL_CONVERSION = YES;
				CLANG_WARN_CONSTANT_CONVERSION = YES;
				CLANG_WARN_DIRECT_OBJC_ISA_USAGE = YES_ERROR;
				CLANG_WARN_DOCUMENTATION_COMMENTS = YES;
				CLANG_WARN_EMPTY_BODY = YES;
				CLANG_WARN_ENUM_CONVERSION = YES;
				CLANG_WARN_INFINITE_RECURSION = YES;
				CLANG_WARN_INT_CONVERSION = YES;
				CLANG_WARN_OBJC_ROOT_CLASS = YES_ERROR;
				CLANG_WARN_SUSPICIOUS_MOVE = YES;
				CLANG_WARN_UNREACHABLE_CODE = YES;
				CLANG_WARN__DUPLICATE_METHOD_MATCH = YES;
				CODE_SIGN_IDENTITY = "-";
				COPY_PHASE_STRIP = NO;
				DEBUG_INFORMATION_FORMAT = "dwarf-with-dsym";
				ENABLE_NS_ASSERTIONS = NO;
				ENABLE_STRICT_OBJC_MSGSEND = YES;
				GCC_C_LANGUAGE_STANDARD = gnu99;
				GCC_NO_COMMON_BLOCKS = YES;
				GCC_WARN_64_TO_32_BIT_CONVERSION = YES;
				GCC_WARN_ABOUT_RETURN_TYPE = YES_ERROR;
				GCC_WARN_UNDECLARED_SELECTOR = YES;
				GCC_WARN_UNINITIALIZED_AUTOS = YES_AGGRESSIVE;
				GCC_WARN_UNUSED_FUNCTION = YES;
				GCC_WARN_UNUSED_VARIABLE = YES;
				MACOSX_DEPLOYMENT_TARGET = 10.12;
				MTL_ENABLE_DEBUG_INFO = NO;
				SDKROOT = macosx;
			};
			name = Release;
		};
		DA5416AC1F548BD700DAD98B /* Debug */ = {
			isa = XCBuildConfiguration;
			buildSettings = {
				PRODUCT_NAME = "$(TARGET_NAME)";
			};
			name = Debug;
		};
		DA5416AD1F548BD700DAD98B /* Release */ = {
			isa = XCBuildConfiguration;
			buildSettings = {
				PRODUCT_NAME = "$(TARGET_NAME)";
			};
			name = Release;
		};
/* End XCBuildConfiguration section */

/* Begin XCConfigurationList section */
		DA54169F1F548BD700DAD98B /* Build configuration list for PBXProject "Toyotas are cars" */ = {
			isa = XCConfigurationList;
			buildConfigurations = (
				DA5416A91F548BD700DAD98B /* Debug */,
				DA5416AA1F548BD700DAD98B /* Release */,
			);
			defaultConfigurationIsVisible = 0;
			defaultConfigurationName = Release;
		};
		DA5416AB1F548BD700DAD98B /* Build configuration list for PBXNativeTarget "Toyotas are cars" */ = {
			isa = XCConfigurationList;
			buildConfigurations = (
				DA5416AC1F548BD700DAD98B /* Debug */,
				DA5416AD1F548BD700DAD98B /* Release */,
			);
			defaultConfigurationIsVisible = 0;
		};
/* End XCConfigurationList section */
	};
	rootObject = DA54169C1F548BD700DAD98B /* Project object */;
}
