// !$*UTF8*$!
{
	archiveVersion = 1;
	classes = {
	};
	objectVersion = 46;
	objects = {

/* Begin PBXBuildFile section */
		DABBC7071F293B6A00B96F0C /* main.m in Sources */ = {isa = PBXBuildFile; fileRef = DABBC7061F293B6A00B96F0C /* main.m */; };
		DABBC70F1F293BF500B96F0C /* Believe.m in Sources */ = {isa = PBXBuildFile; fileRef = DABBC70E1F293BF500B96F0C /* Believe.m */; };
/* End PBXBuildFile section */

/* Begin PBXCopyFilesBuildPhase section */
		DABBC7011F293B6A00B96F0C /* CopyFiles */ = {
			isa = PBXCopyFilesBuildPhase;
			buildActionMask = 2147483647;
			dstPath = /usr/share/man/man1/;
			dstSubfolderSpec = 0;
			files = (
			);
			runOnlyForDeploymentPostprocessing = 1;
		};
/* End PBXCopyFilesBuildPhase section */

/* Begin PBXFileReference section */
		DABBC7031F293B6A00B96F0C /* Warmup1 - backAround */ = {isa = PBXFileReference; explicitFileType = "compiled.mach-o.executable"; includeInIndex = 0; path = "Warmup1 - backAround"; sourceTree = BUILT_PRODUCTS_DIR; };
		DABBC7061F293B6A00B96F0C /* main.m */ = {isa = PBXFileReference; lastKnownFileType = sourcecode.c.objc; path = main.m; sourceTree = "<group>"; };
		DABBC70D1F293BF500B96F0C /* Believe.h */ = {isa = PBXFileReference; fileEncoding = 4; lastKnownFileType = sourcecode.c.h; path = Believe.h; sourceTree = "<group>"; };
		DABBC70E1F293BF500B96F0C /* Believe.m */ = {isa = PBXFileReference; fileEncoding = 4; lastKnownFileType = sourcecode.c.objc; path = Believe.m; sourceTree = "<group>"; };
/* End PBXFileReference section */

/* Begin PBXFrameworksBuildPhase section */
		DABBC7001F293B6A00B96F0C /* Frameworks */ = {
			isa = PBXFrameworksBuildPhase;
			buildActionMask = 2147483647;
			files = (
			);
			runOnlyForDeploymentPostprocessing = 0;
		};
/* End PBXFrameworksBuildPhase section */

/* Begin PBXGroup section */
		DABBC6FA1F293B6A00B96F0C = {
			isa = PBXGroup;
			children = (
				DABBC7051F293B6A00B96F0C /* Warmup1 - backAround */,
				DABBC7041F293B6A00B96F0C /* Products */,
			);
			sourceTree = "<group>";
		};
		DABBC7041F293B6A00B96F0C /* Products */ = {
			isa = PBXGroup;
			children = (
				DABBC7031F293B6A00B96F0C /* Warmup1 - backAround */,
			);
			name = Products;
			sourceTree = "<group>";
		};
		DABBC7051F293B6A00B96F0C /* Warmup1 - backAround */ = {
			isa = PBXGroup;
			children = (
				DABBC7061F293B6A00B96F0C /* main.m */,
				DABBC70D1F293BF500B96F0C /* Believe.h */,
				DABBC70E1F293BF500B96F0C /* Believe.m */,
			);
			path = "Warmup1 - backAround";
			sourceTree = "<group>";
		};
/* End PBXGroup section */

/* Begin PBXNativeTarget section */
		DABBC7021F293B6A00B96F0C /* Warmup1 - backAround */ = {
			isa = PBXNativeTarget;
			buildConfigurationList = DABBC70A1F293B6A00B96F0C /* Build configuration list for PBXNativeTarget "Warmup1 - backAround" */;
			buildPhases = (
				DABBC6FF1F293B6A00B96F0C /* Sources */,
				DABBC7001F293B6A00B96F0C /* Frameworks */,
				DABBC7011F293B6A00B96F0C /* CopyFiles */,
			);
			buildRules = (
			);
			dependencies = (
			);
			name = "Warmup1 - backAround";
			productName = "Warmup1 - backAround";
			productReference = DABBC7031F293B6A00B96F0C /* Warmup1 - backAround */;
			productType = "com.apple.product-type.tool";
		};
/* End PBXNativeTarget section */

/* Begin PBXProject section */
		DABBC6FB1F293B6A00B96F0C /* Project object */ = {
			isa = PBXProject;
			attributes = {
				LastUpgradeCheck = 0830;
				ORGANIZATIONNAME = Paul;
				TargetAttributes = {
					DABBC7021F293B6A00B96F0C = {
						CreatedOnToolsVersion = 8.3.3;
						ProvisioningStyle = Automatic;
					};
				};
			};
			buildConfigurationList = DABBC6FE1F293B6A00B96F0C /* Build configuration list for PBXProject "Warmup1 - backAround" */;
			compatibilityVersion = "Xcode 3.2";
			developmentRegion = English;
			hasScannedForEncodings = 0;
			knownRegions = (
				en,
			);
			mainGroup = DABBC6FA1F293B6A00B96F0C;
			productRefGroup = DABBC7041F293B6A00B96F0C /* Products */;
			projectDirPath = "";
			projectRoot = "";
			targets = (
				DABBC7021F293B6A00B96F0C /* Warmup1 - backAround */,
			);
		};
/* End PBXProject section */

/* Begin PBXSourcesBuildPhase section */
		DABBC6FF1F293B6A00B96F0C /* Sources */ = {
			isa = PBXSourcesBuildPhase;
			buildActionMask = 2147483647;
			files = (
				DABBC70F1F293BF500B96F0C /* Believe.m in Sources */,
				DABBC7071F293B6A00B96F0C /* main.m in Sources */,
			);
			runOnlyForDeploymentPostprocessing = 0;
		};
/* End PBXSourcesBuildPhase section */

/* Begin XCBuildConfiguration section */
		DABBC7081F293B6A00B96F0C /* Debug */ = {
			isa = XCBuildConfiguration;
			buildSettings = {
				ALWAYS_SEARCH_USER_PATHS = NO;
				CLANG_ANALYZER_NONNULL = YES;
				CLANG_ANALYZER_NUMBER_OBJECT_CONVERSION = YES_AGGRESSIVE;
				CLANG_CXX_LANGUAGE_STANDARD = "gnu++0x";
				CLANG_CXX_LIBRARY = "libc++";
				CLANG_ENABLE_MODULES = YES;
				CLANG_ENABLE_OBJC_ARC = YES;
				CLANG_WARN_BOOL_CONVERSION = YES;
				CLANG_WARN_CONSTANT_CONVERSION = YES;
				CLANG_WARN_DIRECT_OBJC_ISA_USAGE = YES_ERROR;
				CLANG_WARN_DOCUMENTATION_COMMENTS = YES;
				CLANG_WARN_EMPTY_BODY = YES;
				CLANG_WARN_ENUM_CONVERSION = YES;
				CLANG_WARN_INFINITE_RECURSION = YES;
				CLANG_WARN_INT_CONVERSION = YES;
				CLANG_WARN_OBJC_ROOT_CLASS = YES_ERROR;
				CLANG_WARN_SUSPICIOUS_MOVE = YES;
				CLANG_WARN_UNREACHABLE_CODE = YES;
				CLANG_WARN__DUPLICATE_METHOD_MATCH = YES;
				CODE_SIGN_IDENTITY = "-";
				COPY_PHASE_STRIP = NO;
				DEBUG_INFORMATION_FORMAT = dwarf;
				ENABLE_STRICT_OBJC_MSGSEND = YES;
				ENABLE_TESTABILITY = YES;
				GCC_C_LANGUAGE_STANDARD = gnu99;
				GCC_DYNAMIC_NO_PIC = NO;
				GCC_NO_COMMON_BLOCKS = YES;
				GCC_OPTIMIZATION_LEVEL = 0;
				GCC_PREPROCESSOR_DEFINITIONS = (
					"DEBUG=1",
					"$(inherited)",
				);
				GCC_WARN_64_TO_32_BIT_CONVERSION = YES;
				GCC_WARN_ABOUT_RETURN_TYPE = YES_ERROR;
				GCC_WARN_UNDECLARED_SELECTOR = YES;
				GCC_WARN_UNINITIALIZED_AUTOS = YES_AGGRESSIVE;
				GCC_WARN_UNUSED_FUNCTION = YES;
				GCC_WARN_UNUSED_VARIABLE = YES;
				MACOSX_DEPLOYMENT_TARGET = 10.12;
				MTL_ENABLE_DEBUG_INFO = YES;
				ONLY_ACTIVE_ARCH = YES;
				SDKROOT = macosx;
			};
			name = Debug;
		};
		DABBC7091F293B6A00B96F0C /* Release */ = {
			isa = XCBuildConfiguration;
			buildSettings = {
				ALWAYS_SEARCH_USER_PATHS = NO;
				CLANG_ANALYZER_NONNULL = YES;
				CLANG_ANALYZER_NUMBER_OBJECT_CONVERSION = YES_AGGRESSIVE;
				CLANG_CXX_LANGUAGE_STANDARD = "gnu++0x";
				CLANG_CXX_LIBRARY = "libc++";
				CLANG_ENABLE_MODULES = YES;
				CLANG_ENABLE_OBJC_ARC = YES;
				CLANG_WARN_BOOL_CONVERSION = YES;
				CLANG_WARN_CONSTANT_CONVERSION = YES;
				CLANG_WARN_DIRECT_OBJC_ISA_USAGE = YES_ERROR;
				CLANG_WARN_DOCUMENTATION_COMMENTS = YES;
				CLANG_WARN_EMPTY_BODY = YES;
				CLANG_WARN_ENUM_CONVERSION = YES;
				CLANG_WARN_INFINITE_RECURSION = YES;
				CLANG_WARN_INT_CONVERSION = YES;
				CLANG_WARN_OBJC_ROOT_CLASS = YES_ERROR;
				CLANG_WARN_SUSPICIOUS_MOVE = YES;
				CLANG_WARN_UNREACHABLE_CODE = YES;
				CLANG_WARN__DUPLICATE_METHOD_MATCH = YES;
				CODE_SIGN_IDENTITY = "-";
				COPY_PHASE_STRIP = NO;
				DEBUG_INFORMATION_FORMAT = "dwarf-with-dsym";
				ENABLE_NS_ASSERTIONS = NO;
				ENABLE_STRICT_OBJC_MSGSEND = YES;
				GCC_C_LANGUAGE_STANDARD = gnu99;
				GCC_NO_COMMON_BLOCKS = YES;
				GCC_WARN_64_TO_32_BIT_CONVERSION = YES;
				GCC_WARN_ABOUT_RETURN_TYPE = YES_ERROR;
				GCC_WARN_UNDECLARED_SELECTOR = YES;
				GCC_WARN_UNINITIALIZED_AUTOS = YES_AGGRESSIVE;
				GCC_WARN_UNUSED_FUNCTION = YES;
				GCC_WARN_UNUSED_VARIABLE = YES;
				MACOSX_DEPLOYMENT_TARGET = 10.12;
				MTL_ENABLE_DEBUG_INFO = NO;
				SDKROOT = macosx;
			};
			name = Release;
		};
		DABBC70B1F293B6A00B96F0C /* Debug */ = {
			isa = XCBuildConfiguration;
			buildSettings = {
				PRODUCT_NAME = "$(TARGET_NAME)";
			};
			name = Debug;
		};
		DABBC70C1F293B6A00B96F0C /* Release */ = {
			isa = XCBuildConfiguration;
			buildSettings = {
				PRODUCT_NAME = "$(TARGET_NAME)";
			};
			name = Release;
		};
/* End XCBuildConfiguration section */

/* Begin XCConfigurationList section */
		DABBC6FE1F293B6A00B96F0C /* Build configuration list for PBXProject "Warmup1 - backAround" */ = {
			isa = XCConfigurationList;
			buildConfigurations = (
				DABBC7081F293B6A00B96F0C /* Debug */,
				DABBC7091F293B6A00B96F0C /* Release */,
			);
			defaultConfigurationIsVisible = 0;
			defaultConfigurationName = Release;
		};
		DABBC70A1F293B6A00B96F0C /* Build configuration list for PBXNativeTarget "Warmup1 - backAround" */ = {
			isa = XCConfigurationList;
			buildConfigurations = (
				DABBC70B1F293B6A00B96F0C /* Debug */,
				DABBC70C1F293B6A00B96F0C /* Release */,
			);
			defaultConfigurationIsVisible = 0;
		};
/* End XCConfigurationList section */
	};
	rootObject = DABBC6FB1F293B6A00B96F0C /* Project object */;
}
