// !$*UTF8*$!
{
	archiveVersion = 1;
	classes = {
	};
	objectVersion = 46;
	objects = {

/* Begin PBXBuildFile section */
		DA3CBC5F1F4A6B8F00C42D62 /* main.m in Sources */ = {isa = PBXBuildFile; fileRef = DA3CBC5E1F4A6B8F00C42D62 /* main.m */; };
		DA3CBC671F4A6BA500C42D62 /* arrayCount9.m in Sources */ = {isa = PBXBuildFile; fileRef = DA3CBC661F4A6BA500C42D62 /* arrayCount9.m */; };
/* End PBXBuildFile section */

/* Begin PBXCopyFilesBuildPhase section */
		DA3CBC591F4A6B8F00C42D62 /* CopyFiles */ = {
			isa = PBXCopyFilesBuildPhase;
			buildActionMask = 2147483647;
			dstPath = /usr/share/man/man1/;
			dstSubfolderSpec = 0;
			files = (
			);
			runOnlyForDeploymentPostprocessing = 1;
		};
/* End PBXCopyFilesBuildPhase section */

/* Begin PBXFileReference section */
		DA3CBC5B1F4A6B8F00C42D62 /* arrayCount9 */ = {isa = PBXFileReference; explicitFileType = "compiled.mach-o.executable"; includeInIndex = 0; path = arrayCount9; sourceTree = BUILT_PRODUCTS_DIR; };
		DA3CBC5E1F4A6B8F00C42D62 /* main.m */ = {isa = PBXFileReference; lastKnownFileType = sourcecode.c.objc; path = main.m; sourceTree = "<group>"; };
		DA3CBC651F4A6BA500C42D62 /* arrayCount9.h */ = {isa = PBXFileReference; fileEncoding = 4; lastKnownFileType = sourcecode.c.h; path = arrayCount9.h; sourceTree = "<group>"; };
		DA3CBC661F4A6BA500C42D62 /* arrayCount9.m */ = {isa = PBXFileReference; fileEncoding = 4; lastKnownFileType = sourcecode.c.objc; path = arrayCount9.m; sourceTree = "<group>"; };
/* End PBXFileReference section */

/* Begin PBXFrameworksBuildPhase section */
		DA3CBC581F4A6B8F00C42D62 /* Frameworks */ = {
			isa = PBXFrameworksBuildPhase;
			buildActionMask = 2147483647;
			files = (
			);
			runOnlyForDeploymentPostprocessing = 0;
		};
/* End PBXFrameworksBuildPhase section */

/* Begin PBXGroup section */
		DA3CBC521F4A6B8F00C42D62 = {
			isa = PBXGroup;
			children = (
				DA3CBC5D1F4A6B8F00C42D62 /* arrayCount9 */,
				DA3CBC5C1F4A6B8F00C42D62 /* Products */,
			);
			sourceTree = "<group>";
		};
		DA3CBC5C1F4A6B8F00C42D62 /* Products */ = {
			isa = PBXGroup;
			children = (
				DA3CBC5B1F4A6B8F00C42D62 /* arrayCount9 */,
			);
			name = Products;
			sourceTree = "<group>";
		};
		DA3CBC5D1F4A6B8F00C42D62 /* arrayCount9 */ = {
			isa = PBXGroup;
			children = (
				DA3CBC5E1F4A6B8F00C42D62 /* main.m */,
				DA3CBC651F4A6BA500C42D62 /* arrayCount9.h */,
				DA3CBC661F4A6BA500C42D62 /* arrayCount9.m */,
			);
			path = arrayCount9;
			sourceTree = "<group>";
		};
/* End PBXGroup section */

/* Begin PBXNativeTarget section */
		DA3CBC5A1F4A6B8F00C42D62 /* arrayCount9 */ = {
			isa = PBXNativeTarget;
			buildConfigurationList = DA3CBC621F4A6B8F00C42D62 /* Build configuration list for PBXNativeTarget "arrayCount9" */;
			buildPhases = (
				DA3CBC571F4A6B8F00C42D62 /* Sources */,
				DA3CBC581F4A6B8F00C42D62 /* Frameworks */,
				DA3CBC591F4A6B8F00C42D62 /* CopyFiles */,
			);
			buildRules = (
			);
			dependencies = (
			);
			name = arrayCount9;
			productName = arrayCount9;
			productReference = DA3CBC5B1F4A6B8F00C42D62 /* arrayCount9 */;
			productType = "com.apple.product-type.tool";
		};
/* End PBXNativeTarget section */

/* Begin PBXProject section */
		DA3CBC531F4A6B8F00C42D62 /* Project object */ = {
			isa = PBXProject;
			attributes = {
				LastUpgradeCheck = 0830;
				ORGANIZATIONNAME = Paul;
				TargetAttributes = {
					DA3CBC5A1F4A6B8F00C42D62 = {
						CreatedOnToolsVersion = 8.3.3;
						ProvisioningStyle = Automatic;
					};
				};
			};
			buildConfigurationList = DA3CBC561F4A6B8F00C42D62 /* Build configuration list for PBXProject "arrayCount9" */;
			compatibilityVersion = "Xcode 3.2";
			developmentRegion = English;
			hasScannedForEncodings = 0;
			knownRegions = (
				en,
			);
			mainGroup = DA3CBC521F4A6B8F00C42D62;
			productRefGroup = DA3CBC5C1F4A6B8F00C42D62 /* Products */;
			projectDirPath = "";
			projectRoot = "";
			targets = (
				DA3CBC5A1F4A6B8F00C42D62 /* arrayCount9 */,
			);
		};
/* End PBXProject section */

/* Begin PBXSourcesBuildPhase section */
		DA3CBC571F4A6B8F00C42D62 /* Sources */ = {
			isa = PBXSourcesBuildPhase;
			buildActionMask = 2147483647;
			files = (
				DA3CBC5F1F4A6B8F00C42D62 /* main.m in Sources */,
				DA3CBC671F4A6BA500C42D62 /* arrayCount9.m in Sources */,
			);
			runOnlyForDeploymentPostprocessing = 0;
		};
/* End PBXSourcesBuildPhase section */

/* Begin XCBuildConfiguration section */
		DA3CBC601F4A6B8F00C42D62 /* Debug */ = {
			isa = XCBuildConfiguration;
			buildSettings = {
				ALWAYS_SEARCH_USER_PATHS = NO;
				CLANG_ANALYZER_NONNULL = YES;
				CLANG_ANALYZER_NUMBER_OBJECT_CONVERSION = YES_AGGRESSIVE;
				CLANG_CXX_LANGUAGE_STANDARD = "gnu++0x";
				CLANG_CXX_LIBRARY = "libc++";
				CLANG_ENABLE_MODULES = YES;
				CLANG_ENABLE_OBJC_ARC = YES;
				CLANG_WARN_BOOL_CONVERSION = YES;
				CLANG_WARN_CONSTANT_CONVERSION = YES;
				CLANG_WARN_DIRECT_OBJC_ISA_USAGE = YES_ERROR;
				CLANG_WARN_DOCUMENTATION_COMMENTS = YES;
				CLANG_WARN_EMPTY_BODY = YES;
				CLANG_WARN_ENUM_CONVERSION = YES;
				CLANG_WARN_INFINITE_RECURSION = YES;
				CLANG_WARN_INT_CONVERSION = YES;
				CLANG_WARN_OBJC_ROOT_CLASS = YES_ERROR;
				CLANG_WARN_SUSPICIOUS_MOVE = YES;
				CLANG_WARN_UNREACHABLE_CODE = YES;
				CLANG_WARN__DUPLICATE_METHOD_MATCH = YES;
				CODE_SIGN_IDENTITY = "-";
				COPY_PHASE_STRIP = NO;
				DEBUG_INFORMATION_FORMAT = dwarf;
				ENABLE_STRICT_OBJC_MSGSEND = YES;
				ENABLE_TESTABILITY = YES;
				GCC_C_LANGUAGE_STANDARD = gnu99;
				GCC_DYNAMIC_NO_PIC = NO;
				GCC_NO_COMMON_BLOCKS = YES;
				GCC_OPTIMIZATION_LEVEL = 0;
				GCC_PREPROCESSOR_DEFINITIONS = (
					"DEBUG=1",
					"$(inherited)",
				);
				GCC_WARN_64_TO_32_BIT_CONVERSION = YES;
				GCC_WARN_ABOUT_RETURN_TYPE = YES_ERROR;
				GCC_WARN_UNDECLARED_SELECTOR = YES;
				GCC_WARN_UNINITIALIZED_AUTOS = YES_AGGRESSIVE;
				GCC_WARN_UNUSED_FUNCTION = YES;
				GCC_WARN_UNUSED_VARIABLE = YES;
				MACOSX_DEPLOYMENT_TARGET = 10.12;
				MTL_ENABLE_DEBUG_INFO = YES;
				ONLY_ACTIVE_ARCH = YES;
				SDKROOT = macosx;
			};
			name = Debug;
		};
		DA3CBC611F4A6B8F00C42D62 /* Release */ = {
			isa = XCBuildConfiguration;
			buildSettings = {
				ALWAYS_SEARCH_USER_PATHS = NO;
				CLANG_ANALYZER_NONNULL = YES;
				CLANG_ANALYZER_NUMBER_OBJECT_CONVERSION = YES_AGGRESSIVE;
				CLANG_CXX_LANGUAGE_STANDARD = "gnu++0x";
				CLANG_CXX_LIBRARY = "libc++";
				CLANG_ENABLE_MODULES = YES;
				CLANG_ENABLE_OBJC_ARC = YES;
				CLANG_WARN_BOOL_CONVERSION = YES;
				CLANG_WARN_CONSTANT_CONVERSION = YES;
				CLANG_WARN_DIRECT_OBJC_ISA_USAGE = YES_ERROR;
				CLANG_WARN_DOCUMENTATION_COMMENTS = YES;
				CLANG_WARN_EMPTY_BODY = YES;
				CLANG_WARN_ENUM_CONVERSION = YES;
				CLANG_WARN_INFINITE_RECURSION = YES;
				CLANG_WARN_INT_CONVERSION = YES;
				CLANG_WARN_OBJC_ROOT_CLASS = YES_ERROR;
				CLANG_WARN_SUSPICIOUS_MOVE = YES;
				CLANG_WARN_UNREACHABLE_CODE = YES;
				CLANG_WARN__DUPLICATE_METHOD_MATCH = YES;
				CODE_SIGN_IDENTITY = "-";
				COPY_PHASE_STRIP = NO;
				DEBUG_INFORMATION_FORMAT = "dwarf-with-dsym";
				ENABLE_NS_ASSERTIONS = NO;
				ENABLE_STRICT_OBJC_MSGSEND = YES;
				GCC_C_LANGUAGE_STANDARD = gnu99;
				GCC_NO_COMMON_BLOCKS = YES;
				GCC_WARN_64_TO_32_BIT_CONVERSION = YES;
				GCC_WARN_ABOUT_RETURN_TYPE = YES_ERROR;
				GCC_WARN_UNDECLARED_SELECTOR = YES;
				GCC_WARN_UNINITIALIZED_AUTOS = YES_AGGRESSIVE;
				GCC_WARN_UNUSED_FUNCTION = YES;
				GCC_WARN_UNUSED_VARIABLE = YES;
				MACOSX_DEPLOYMENT_TARGET = 10.12;
				MTL_ENABLE_DEBUG_INFO = NO;
				SDKROOT = macosx;
			};
			name = Release;
		};
		DA3CBC631F4A6B8F00C42D62 /* Debug */ = {
			isa = XCBuildConfiguration;
			buildSettings = {
				PRODUCT_NAME = "$(TARGET_NAME)";
			};
			name = Debug;
		};
		DA3CBC641F4A6B8F00C42D62 /* Release */ = {
			isa = XCBuildConfiguration;
			buildSettings = {
				PRODUCT_NAME = "$(TARGET_NAME)";
			};
			name = Release;
		};
/* End XCBuildConfiguration section */

/* Begin XCConfigurationList section */
		DA3CBC561F4A6B8F00C42D62 /* Build configuration list for PBXProject "arrayCount9" */ = {
			isa = XCConfigurationList;
			buildConfigurations = (
				DA3CBC601F4A6B8F00C42D62 /* Debug */,
				DA3CBC611F4A6B8F00C42D62 /* Release */,
			);
			defaultConfigurationIsVisible = 0;
			defaultConfigurationName = Release;
		};
		DA3CBC621F4A6B8F00C42D62 /* Build configuration list for PBXNativeTarget "arrayCount9" */ = {
			isa = XCConfigurationList;
			buildConfigurations = (
				DA3CBC631F4A6B8F00C42D62 /* Debug */,
				DA3CBC641F4A6B8F00C42D62 /* Release */,
			);
			defaultConfigurationIsVisible = 0;
		};
/* End XCConfigurationList section */
	};
	rootObject = DA3CBC531F4A6B8F00C42D62 /* Project object */;
}
